
Microsoft Visual Studio Solution File, Format Version 12.00
# Visual Studio Version 17
VisualStudioVersion = 17.14.36109.1 d17.14
MinimumVisualStudioVersion = 10.0.40219.1
Project("{FAE04EC0-301F-11D3-BF4B-00C04F79EFBC}") = "SignalTesterApp", "SignalTesterApp.csproj", "{215E37AA-A78D-4290-8F22-1C8800FBDB22}"
EndProject
Global
	GlobalSection(SolutionConfigurationPlatforms) = preSolution
		Debug|Any CPU = Debug|Any CPU
		Release|Any CPU = Release|Any CPU
	EndGlobalSection
	GlobalSection(ProjectConfigurationPlatforms) = postSolution
		{215E37AA-A78D-4290-8F22-1C8800FBDB22}.Debug|Any CPU.ActiveCfg = Debug|Any CPU
		{215E37AA-A78D-4290-8F22-1C8800FBDB22}.Debug|Any CPU.Build.0 = Debug|Any CPU
		{215E37AA-A78D-4290-8F22-1C8800FBDB22}.Release|Any CPU.ActiveCfg = Release|Any CPU
		{215E37AA-A78D-4290-8F22-1C8800FBDB22}.Release|Any CPU.Build.0 = Release|Any CPU
	EndGlobalSection
	GlobalSection(SolutionProperties) = preSolution
		HideSolutionNode = FALSE
	EndGlobalSection
	GlobalSection(ExtensibilityGlobals) = postSolution
		SolutionGuid = {B4D389AC-6AB3-47B2-9C02-BECC0D1F3620}
	EndGlobalSection
EndGlobal
