
Microsoft Visual Studio Solution File, Format Version 12.00
# Visual Studio Version 17
VisualStudioVersion = 17.14.36121.58 d17.14
MinimumVisualStudioVersion = 10.0.40219.1
Project("{FAE04EC0-301F-11D3-BF4B-00C04F79EFBC}") = "SignalTesterApp.GUI", "SignalTesterApp.GUI.csproj", "{088F4E59-429C-C13B-8088-A651CEF09555}"
EndProject
Global
	GlobalSection(SolutionConfigurationPlatforms) = preSolution
		Debug|Any CPU = Debug|Any CPU
		Release|Any CPU = Release|Any CPU
	EndGlobalSection
	GlobalSection(ProjectConfigurationPlatforms) = postSolution
		{088F4E59-429C-C13B-8088-A651CEF09555}.Debug|Any CPU.ActiveCfg = Debug|Any CPU
		{088F4E59-429C-C13B-8088-A651CEF09555}.Debug|Any CPU.Build.0 = Debug|Any CPU
		{088F4E59-429C-C13B-8088-A651CEF09555}.Release|Any CPU.ActiveCfg = Release|Any CPU
		{088F4E59-429C-C13B-8088-A651CEF09555}.Release|Any CPU.Build.0 = Release|Any CPU
	EndGlobalSection
	GlobalSection(SolutionProperties) = preSolution
		HideSolutionNode = FALSE
	EndGlobalSection
	GlobalSection(ExtensibilityGlobals) = postSolution
		SolutionGuid = {1E4A95E0-C724-435B-8076-138A0CC099B8}
	EndGlobalSection
EndGlobal
